
Microsoft Visual Studio Solution File, Format Version 12.00
# Visual Studio 15
VisualStudioVersion = 15.0.28307.779
MinimumVisualStudioVersion = 10.0.40219.1
Project("{FAE04EC0-301F-11D3-BF4B-00C04F79EFBC}") = "ListViewBinding", "ListViewBinding\ListViewBinding.csproj", "{3CBC17C5-1A55-48B7-AB44-5DD586770F29}"
EndProject
Global
	GlobalSection(SolutionConfigurationPlatforms) = preSolution
		Debug|Any CPU = Debug|Any CPU
		Release|Any CPU = Release|Any CPU
	EndGlobalSection
	GlobalSection(ProjectConfigurationPlatforms) = postSolution
		{3CBC17C5-1A55-48B7-AB44-5DD586770F29}.Debug|Any CPU.ActiveCfg = Debug|Any CPU
		{3CBC17C5-1A55-48B7-AB44-5DD586770F29}.Debug|Any CPU.Build.0 = Debug|Any CPU
		{3CBC17C5-1A55-48B7-AB44-5DD586770F29}.Release|Any CPU.ActiveCfg = Release|Any CPU
		{3CBC17C5-1A55-48B7-AB44-5DD586770F29}.Release|Any CPU.Build.0 = Release|Any CPU
	EndGlobalSection
	GlobalSection(SolutionProperties) = preSolution
		HideSolutionNode = FALSE
	EndGlobalSection
	GlobalSection(ExtensibilityGlobals) = postSolution
		SolutionGuid = {ED0C52C5-90A5-42D1-8E3B-0C161E394C42}
	EndGlobalSection
EndGlobal
